
Microsoft Visual Studio Solution File, Format Version 12.00
# Visual Studio Version 17
VisualStudioVersion = 17.7.34024.191
MinimumVisualStudioVersion = 10.0.40219.1
Project("{FAE04EC0-301F-11D3-BF4B-00C04F79EFBC}") = "destekPortalı.Data", "destekPortalı.Data\destekPortalı.Data.csproj", "{5AC8EAD9-AB70-4535-9C2C-565BAFD62533}"
EndProject
Project("{FAE04EC0-301F-11D3-BF4B-00C04F79EFBC}") = "destekPortalı.Web", "destekPortalı.Web\destekPortalı.Web.csproj", "{D8E4F235-35E5-4328-A898-BBC23D5F9CF6}"
EndProject
Global
	GlobalSection(SolutionConfigurationPlatforms) = preSolution
		Debug|Any CPU = Debug|Any CPU
		Release|Any CPU = Release|Any CPU
	EndGlobalSection
	GlobalSection(ProjectConfigurationPlatforms) = postSolution
		{5AC8EAD9-AB70-4535-9C2C-565BAFD62533}.Debug|Any CPU.ActiveCfg = Debug|Any CPU
		{5AC8EAD9-AB70-4535-9C2C-565BAFD62533}.Debug|Any CPU.Build.0 = Debug|Any CPU
		{5AC8EAD9-AB70-4535-9C2C-565BAFD62533}.Release|Any CPU.ActiveCfg = Release|Any CPU
		{5AC8EAD9-AB70-4535-9C2C-565BAFD62533}.Release|Any CPU.Build.0 = Release|Any CPU
		{D8E4F235-35E5-4328-A898-BBC23D5F9CF6}.Debug|Any CPU.ActiveCfg = Debug|Any CPU
		{D8E4F235-35E5-4328-A898-BBC23D5F9CF6}.Debug|Any CPU.Build.0 = Debug|Any CPU
		{D8E4F235-35E5-4328-A898-BBC23D5F9CF6}.Release|Any CPU.ActiveCfg = Release|Any CPU
		{D8E4F235-35E5-4328-A898-BBC23D5F9CF6}.Release|Any CPU.Build.0 = Release|Any CPU
	EndGlobalSection
	GlobalSection(SolutionProperties) = preSolution
		HideSolutionNode = FALSE
	EndGlobalSection
	GlobalSection(ExtensibilityGlobals) = postSolution
		SolutionGuid = {DB076727-131E-45F5-81FC-B4A2B9C2041B}
	EndGlobalSection
EndGlobal
